// !$*UTF8*$!
{
	archiveVersion = 1;
	classes = {
	};
	objectVersion = 46;
	objects = {

/* Begin PBXBuildFile section */
		8852B1A51E14B3440091F820 /* AppDelegate.swift in Sources */ = {isa = PBXBuildFile; fileRef = 8852B1A41E14B3440091F820 /* AppDelegate.swift */; };
		8852B1A71E14B3440091F820 /* ViewController.swift in Sources */ = {isa = PBXBuildFile; fileRef = 8852B1A61E14B3440091F820 /* ViewController.swift */; };
		8852B1AA1E14B3440091F820 /* Main.storyboard in Resources */ = {isa = PBXBuildFile; fileRef = 8852B1A81E14B3440091F820 /* Main.storyboard */; };
		8852B1AC1E14B3450091F820 /* Assets.xcassets in Resources */ = {isa = PBXBuildFile; fileRef = 8852B1AB1E14B3450091F820 /* Assets.xcassets */; };
		8852B1AF1E14B3450091F820 /* LaunchScreen.storyboard in Resources */ = {isa = PBXBuildFile; fileRef = 8852B1AD1E14B3450091F820 /* LaunchScreen.storyboard */; };
		8852B1BA1E14B3450091F820 /* WYModelExtensionTests.swift in Sources */ = {isa = PBXBuildFile; fileRef = 8852B1B91E14B3450091F820 /* WYModelExtensionTests.swift */; };
		8852B1C51E14B3450091F820 /* WYModelExtensionUITests.swift in Sources */ = {isa = PBXBuildFile; fileRef = 8852B1C41E14B3450091F820 /* WYModelExtensionUITests.swift */; };
		8852B1D31E14B3590091F820 /* SwiftModelExtension.swift in Sources */ = {isa = PBXBuildFile; fileRef = 8852B1D21E14B3590091F820 /* SwiftModelExtension.swift */; };
		8852B1D51E14B3AE0091F820 /* TestModel.swift in Sources */ = {isa = PBXBuildFile; fileRef = 8852B1D41E14B3AE0091F820 /* TestModel.swift */; };
		8852B1D71E14B3CD0091F820 /* TestContainModel.swift in Sources */ = {isa = PBXBuildFile; fileRef = 8852B1D61E14B3CD0091F820 /* TestContainModel.swift */; };
/* End PBXBuildFile section */

/* Begin PBXContainerItemProxy section */
		8852B1B61E14B3450091F820 /* PBXContainerItemProxy */ = {
			isa = PBXContainerItemProxy;
			containerPortal = 8852B1991E14B3440091F820 /* Project object */;
			proxyType = 1;
			remoteGlobalIDString = 8852B1A01E14B3440091F820;
			remoteInfo = WYModelExtension;
		};
		8852B1C11E14B3450091F820 /* PBXContainerItemProxy */ = {
			isa = PBXContainerItemProxy;
			containerPortal = 8852B1991E14B3440091F820 /* Project object */;
			proxyType = 1;
			remoteGlobalIDString = 8852B1A01E14B3440091F820;
			remoteInfo = WYModelExtension;
		};
/* End PBXContainerItemProxy section */

/* Begin PBXFileReference section */
		8852B1A11E14B3440091F820 /* WYModelExtension.app */ = {isa = PBXFileReference; explicitFileType = wrapper.application; includeInIndex = 0; path = WYModelExtension.app; sourceTree = BUILT_PRODUCTS_DIR; };
		8852B1A41E14B3440091F820 /* AppDelegate.swift */ = {isa = PBXFileReference; lastKnownFileType = sourcecode.swift; path = AppDelegate.swift; sourceTree = "<group>"; };
		8852B1A61E14B3440091F820 /* ViewController.swift */ = {isa = PBXFileReference; lastKnownFileType = sourcecode.swift; path = ViewController.swift; sourceTree = "<group>"; };
		8852B1A91E14B3440091F820 /* Base */ = {isa = PBXFileReference; lastKnownFileType = file.storyboard; name = Base; path = Base.lproj/Main.storyboard; sourceTree = "<group>"; };
		8852B1AB1E14B3450091F820 /* Assets.xcassets */ = {isa = PBXFileReference; lastKnownFileType = folder.assetcatalog; path = Assets.xcassets; sourceTree = "<group>"; };
		8852B1AE1E14B3450091F820 /* Base */ = {isa = PBXFileReference; lastKnownFileType = file.storyboard; name = Base; path = Base.lproj/LaunchScreen.storyboard; sourceTree = "<group>"; };
		8852B1B01E14B3450091F820 /* Info.plist */ = {isa = PBXFileReference; lastKnownFileType = text.plist.xml; path = Info.plist; sourceTree = "<group>"; };
		8852B1B51E14B3450091F820 /* WYModelExtensionTests.xctest */ = {isa = PBXFileReference; explicitFileType = wrapper.cfbundle; includeInIndex = 0; path = WYModelExtensionTests.xctest; sourceTree = BUILT_PRODUCTS_DIR; };
		8852B1B91E14B3450091F820 /* WYModelExtensionTests.swift */ = {isa = PBXFileReference; lastKnownFileType = sourcecode.swift; path = WYModelExtensionTests.swift; sourceTree = "<group>"; };
		8852B1BB1E14B3450091F820 /* Info.plist */ = {isa = PBXFileReference; lastKnownFileType = text.plist.xml; path = Info.plist; sourceTree = "<group>"; };
		8852B1C01E14B3450091F820 /* WYModelExtensionUITests.xctest */ = {isa = PBXFileReference; explicitFileType = wrapper.cfbundle; includeInIndex = 0; path = WYModelExtensionUITests.xctest; sourceTree = BUILT_PRODUCTS_DIR; };
		8852B1C41E14B3450091F820 /* WYModelExtensionUITests.swift */ = {isa = PBXFileReference; lastKnownFileType = sourcecode.swift; path = WYModelExtensionUITests.swift; sourceTree = "<group>"; };
		8852B1C61E14B3450091F820 /* Info.plist */ = {isa = PBXFileReference; lastKnownFileType = text.plist.xml; path = Info.plist; sourceTree = "<group>"; };
		8852B1D21E14B3590091F820 /* SwiftModelExtension.swift */ = {isa = PBXFileReference; fileEncoding = 4; lastKnownFileType = sourcecode.swift; path = SwiftModelExtension.swift; sourceTree = "<group>"; };
		8852B1D41E14B3AE0091F820 /* TestModel.swift */ = {isa = PBXFileReference; fileEncoding = 4; lastKnownFileType = sourcecode.swift; path = TestModel.swift; sourceTree = "<group>"; };
		8852B1D61E14B3CD0091F820 /* TestContainModel.swift */ = {isa = PBXFileReference; fileEncoding = 4; lastKnownFileType = sourcecode.swift; path = TestContainModel.swift; sourceTree = "<group>"; };
/* End PBXFileReference section */

/* Begin PBXFrameworksBuildPhase section */
		8852B19E1E14B3440091F820 /* Frameworks */ = {
			isa = PBXFrameworksBuildPhase;
			buildActionMask = 2147483647;
			files = (
			);
			runOnlyForDeploymentPostprocessing = 0;
		};
		8852B1B21E14B3450091F820 /* Frameworks */ = {
			isa = PBXFrameworksBuildPhase;
			buildActionMask = 2147483647;
			files = (
			);
			runOnlyForDeploymentPostprocessing = 0;
		};
		8852B1BD1E14B3450091F820 /* Frameworks */ = {
			isa = PBXFrameworksBuildPhase;
			buildActionMask = 2147483647;
			files = (
			);
			runOnlyForDeploymentPostprocessing = 0;
		};
/* End PBXFrameworksBuildPhase section */

/* Begin PBXGroup section */
		8852B1981E14B3440091F820 = {
			isa = PBXGroup;
			children = (
				8852B1A31E14B3440091F820 /* WYModelExtension */,
				8852B1B81E14B3450091F820 /* WYModelExtensionTests */,
				8852B1C31E14B3450091F820 /* WYModelExtensionUITests */,
				8852B1A21E14B3440091F820 /* Products */,
			);
			sourceTree = "<group>";
		};
		8852B1A21E14B3440091F820 /* Products */ = {
			isa = PBXGroup;
			children = (
				8852B1A11E14B3440091F820 /* WYModelExtension.app */,
				8852B1B51E14B3450091F820 /* WYModelExtensionTests.xctest */,
				8852B1C01E14B3450091F820 /* WYModelExtensionUITests.xctest */,
			);
			name = Products;
			sourceTree = "<group>";
		};
		8852B1A31E14B3440091F820 /* WYModelExtension */ = {
			isa = PBXGroup;
			children = (
				8852B1A41E14B3440091F820 /* AppDelegate.swift */,
				8852B1A61E14B3440091F820 /* ViewController.swift */,
				8852B1A81E14B3440091F820 /* Main.storyboard */,
				8852B1D21E14B3590091F820 /* SwiftModelExtension.swift */,
				8852B1AB1E14B3450091F820 /* Assets.xcassets */,
				8852B1AD1E14B3450091F820 /* LaunchScreen.storyboard */,
				8852B1B01E14B3450091F820 /* Info.plist */,
				8852B1D41E14B3AE0091F820 /* TestModel.swift */,
				8852B1D61E14B3CD0091F820 /* TestContainModel.swift */,
			);
			path = WYModelExtension;
			sourceTree = "<group>";
		};
		8852B1B81E14B3450091F820 /* WYModelExtensionTests */ = {
			isa = PBXGroup;
			children = (
				8852B1B91E14B3450091F820 /* WYModelExtensionTests.swift */,
				8852B1BB1E14B3450091F820 /* Info.plist */,
			);
			path = WYModelExtensionTests;
			sourceTree = "<group>";
		};
		8852B1C31E14B3450091F820 /* WYModelExtensionUITests */ = {
			isa = PBXGroup;
			children = (
				8852B1C41E14B3450091F820 /* WYModelExtensionUITests.swift */,
				8852B1C61E14B3450091F820 /* Info.plist */,
			);
			path = WYModelExtensionUITests;
			sourceTree = "<group>";
		};
/* End PBXGroup section */

/* Begin PBXNativeTarget section */
		8852B1A01E14B3440091F820 /* WYModelExtension */ = {
			isa = PBXNativeTarget;
			buildConfigurationList = 8852B1C91E14B3450091F820 /* Build configuration list for PBXNativeTarget "WYModelExtension" */;
			buildPhases = (
				8852B19D1E14B3440091F820 /* Sources */,
				8852B19E1E14B3440091F820 /* Frameworks */,
				8852B19F1E14B3440091F820 /* Resources */,
			);
			buildRules = (
			);
			dependencies = (
			);
			name = WYModelExtension;
			productName = WYModelExtension;
			productReference = 8852B1A11E14B3440091F820 /* WYModelExtension.app */;
			productType = "com.apple.product-type.application";
		};
		8852B1B41E14B3450091F820 /* WYModelExtensionTests */ = {
			isa = PBXNativeTarget;
			buildConfigurationList = 8852B1CC1E14B3450091F820 /* Build configuration list for PBXNativeTarget "WYModelExtensionTests" */;
			buildPhases = (
				8852B1B11E14B3450091F820 /* Sources */,
				8852B1B21E14B3450091F820 /* Frameworks */,
				8852B1B31E14B3450091F820 /* Resources */,
			);
			buildRules = (
			);
			dependencies = (
				8852B1B71E14B3450091F820 /* PBXTargetDependency */,
			);
			name = WYModelExtensionTests;
			productName = WYModelExtensionTests;
			productReference = 8852B1B51E14B3450091F820 /* WYModelExtensionTests.xctest */;
			productType = "com.apple.product-type.bundle.unit-test";
		};
		8852B1BF1E14B3450091F820 /* WYModelExtensionUITests */ = {
			isa = PBXNativeTarget;
			buildConfigurationList = 8852B1CF1E14B3450091F820 /* Build configuration list for PBXNativeTarget "WYModelExtensionUITests" */;
			buildPhases = (
				8852B1BC1E14B3450091F820 /* Sources */,
				8852B1BD1E14B3450091F820 /* Frameworks */,
				8852B1BE1E14B3450091F820 /* Resources */,
			);
			buildRules = (
			);
			dependencies = (
				8852B1C21E14B3450091F820 /* PBXTargetDependency */,
			);
			name = WYModelExtensionUITests;
			productName = WYModelExtensionUITests;
			productReference = 8852B1C01E14B3450091F820 /* WYModelExtensionUITests.xctest */;
			productType = "com.apple.product-type.bundle.ui-testing";
		};
/* End PBXNativeTarget section */

/* Begin PBXProject section */
		8852B1991E14B3440091F820 /* Project object */ = {
			isa = PBXProject;
			attributes = {
				LastSwiftUpdateCheck = 0820;
				LastUpgradeCheck = 0820;
				ORGANIZATIONNAME = Wangyu;
				TargetAttributes = {
					8852B1A01E14B3440091F820 = {
						CreatedOnToolsVersion = 8.2.1;
						ProvisioningStyle = Automatic;
					};
					8852B1B41E14B3450091F820 = {
						CreatedOnToolsVersion = 8.2.1;
						ProvisioningStyle = Automatic;
						TestTargetID = 8852B1A01E14B3440091F820;
					};
					8852B1BF1E14B3450091F820 = {
						CreatedOnToolsVersion = 8.2.1;
						ProvisioningStyle = Automatic;
						TestTargetID = 8852B1A01E14B3440091F820;
					};
				};
			};
			buildConfigurationList = 8852B19C1E14B3440091F820 /* Build configuration list for PBXProject "WYModelExtension" */;
			compatibilityVersion = "Xcode 3.2";
			developmentRegion = English;
			hasScannedForEncodings = 0;
			knownRegions = (
				en,
				Base,
			);
			mainGroup = 8852B1981E14B3440091F820;
			productRefGroup = 8852B1A21E14B3440091F820 /* Products */;
			projectDirPath = "";
			projectRoot = "";
			targets = (
				8852B1A01E14B3440091F820 /* WYModelExtension */,
				8852B1B41E14B3450091F820 /* WYModelExtensionTests */,
				8852B1BF1E14B3450091F820 /* WYModelExtensionUITests */,
			);
		};
/* End PBXProject section */

/* Begin PBXResourcesBuildPhase section */
		8852B19F1E14B3440091F820 /* Resources */ = {
			isa = PBXResourcesBuildPhase;
			buildActionMask = 2147483647;
			files = (
				8852B1AF1E14B3450091F820 /* LaunchScreen.storyboard in Resources */,
				8852B1AC1E14B3450091F820 /* Assets.xcassets in Resources */,
				8852B1AA1E14B3440091F820 /* Main.storyboard in Resources */,
			);
			runOnlyForDeploymentPostprocessing = 0;
		};
		8852B1B31E14B3450091F820 /* Resources */ = {
			isa = PBXResourcesBuildPhase;
			buildActionMask = 2147483647;
			files = (
			);
			runOnlyForDeploymentPostprocessing = 0;
		};
		8852B1BE1E14B3450091F820 /* Resources */ = {
			isa = PBXResourcesBuildPhase;
			buildActionMask = 2147483647;
			files = (
			);
			runOnlyForDeploymentPostprocessing = 0;
		};
/* End PBXResourcesBuildPhase section */

/* Begin PBXSourcesBuildPhase section */
		8852B19D1E14B3440091F820 /* Sources */ = {
			isa = PBXSourcesBuildPhase;
			buildActionMask = 2147483647;
			files = (
				8852B1A71E14B3440091F820 /* ViewController.swift in Sources */,
				8852B1A51E14B3440091F820 /* AppDelegate.swift in Sources */,
				8852B1D71E14B3CD0091F820 /* TestContainModel.swift in Sources */,
				8852B1D31E14B3590091F820 /* SwiftModelExtension.swift in Sources */,
				8852B1D51E14B3AE0091F820 /* TestModel.swift in Sources */,
			);
			runOnlyForDeploymentPostprocessing = 0;
		};
		8852B1B11E14B3450091F820 /* Sources */ = {
			isa = PBXSourcesBuildPhase;
			buildActionMask = 2147483647;
			files = (
				8852B1BA1E14B3450091F820 /* WYModelExtensionTests.swift in Sources */,
			);
			runOnlyForDeploymentPostprocessing = 0;
		};
		8852B1BC1E14B3450091F820 /* Sources */ = {
			isa = PBXSourcesBuildPhase;
			buildActionMask = 2147483647;
			files = (
				8852B1C51E14B3450091F820 /* WYModelExtensionUITests.swift in Sources */,
			);
			runOnlyForDeploymentPostprocessing = 0;
		};
/* End PBXSourcesBuildPhase section */

/* Begin PBXTargetDependency section */
		8852B1B71E14B3450091F820 /* PBXTargetDependency */ = {
			isa = PBXTargetDependency;
			target = 8852B1A01E14B3440091F820 /* WYModelExtension */;
			targetProxy = 8852B1B61E14B3450091F820 /* PBXContainerItemProxy */;
		};
		8852B1C21E14B3450091F820 /* PBXTargetDependency */ = {
			isa = PBXTargetDependency;
			target = 8852B1A01E14B3440091F820 /* WYModelExtension */;
			targetProxy = 8852B1C11E14B3450091F820 /* PBXContainerItemProxy */;
		};
/* End PBXTargetDependency section */

/* Begin PBXVariantGroup section */
		8852B1A81E14B3440091F820 /* Main.storyboard */ = {
			isa = PBXVariantGroup;
			children = (
				8852B1A91E14B3440091F820 /* Base */,
			);
			name = Main.storyboard;
			sourceTree = "<group>";
		};
		8852B1AD1E14B3450091F820 /* LaunchScreen.storyboard */ = {
			isa = PBXVariantGroup;
			children = (
				8852B1AE1E14B3450091F820 /* Base */,
			);
			name = LaunchScreen.storyboard;
			sourceTree = "<group>";
		};
/* End PBXVariantGroup section */

/* Begin XCBuildConfiguration section */
		8852B1C71E14B3450091F820 /* Debug */ = {
			isa = XCBuildConfiguration;
			buildSettings = {
				ALWAYS_SEARCH_USER_PATHS = NO;
				CLANG_ANALYZER_NONNULL = YES;
				CLANG_CXX_LANGUAGE_STANDARD = "gnu++0x";
				CLANG_CXX_LIBRARY = "libc++";
				CLANG_ENABLE_MODULES = YES;
				CLANG_ENABLE_OBJC_ARC = YES;
				CLANG_WARN_BOOL_CONVERSION = YES;
				CLANG_WARN_CONSTANT_CONVERSION = YES;
				CLANG_WARN_DIRECT_OBJC_ISA_USAGE = YES_ERROR;
				CLANG_WARN_DOCUMENTATION_COMMENTS = YES;
				CLANG_WARN_EMPTY_BODY = YES;
				CLANG_WARN_ENUM_CONVERSION = YES;
				CLANG_WARN_INFINITE_RECURSION = YES;
				CLANG_WARN_INT_CONVERSION = YES;
				CLANG_WARN_OBJC_ROOT_CLASS = YES_ERROR;
				CLANG_WARN_SUSPICIOUS_MOVE = YES;
				CLANG_WARN_UNREACHABLE_CODE = YES;
				CLANG_WARN__DUPLICATE_METHOD_MATCH = YES;
				"CODE_SIGN_IDENTITY[sdk=iphoneos*]" = "iPhone Developer";
				COPY_PHASE_STRIP = NO;
				DEBUG_INFORMATION_FORMAT = dwarf;
				ENABLE_STRICT_OBJC_MSGSEND = YES;
				ENABLE_TESTABILITY = YES;
				GCC_C_LANGUAGE_STANDARD = gnu99;
				GCC_DYNAMIC_NO_PIC = NO;
				GCC_NO_COMMON_BLOCKS = YES;
				GCC_OPTIMIZATION_LEVEL = 0;
				GCC_PREPROCESSOR_DEFINITIONS = (
					"DEBUG=1",
					"$(inherited)",
				);
				GCC_WARN_64_TO_32_BIT_CONVERSION = YES;
				GCC_WARN_ABOUT_RETURN_TYPE = YES_ERROR;
				GCC_WARN_UNDECLARED_SELECTOR = YES;
				GCC_WARN_UNINITIALIZED_AUTOS = YES_AGGRESSIVE;
				GCC_WARN_UNUSED_FUNCTION = YES;
				GCC_WARN_UNUSED_VARIABLE = YES;
				IPHONEOS_DEPLOYMENT_TARGET = 10.2;
				MTL_ENABLE_DEBUG_INFO = YES;
				ONLY_ACTIVE_ARCH = YES;
				SDKROOT = iphoneos;
				SWIFT_ACTIVE_COMPILATION_CONDITIONS = DEBUG;
				SWIFT_OPTIMIZATION_LEVEL = "-Onone";
				TARGETED_DEVICE_FAMILY = "1,2";
			};
			name = Debug;
		};
		8852B1C81E14B3450091F820 /* Release */ = {
			isa = XCBuildConfiguration;
			buildSettings = {
				ALWAYS_SEARCH_USER_PATHS = NO;
				CLANG_ANALYZER_NONNULL = YES;
				CLANG_CXX_LANGUAGE_STANDARD = "gnu++0x";
				CLANG_CXX_LIBRARY = "libc++";
				CLANG_ENABLE_MODULES = YES;
				CLANG_ENABLE_OBJC_ARC = YES;
				CLANG_WARN_BOOL_CONVERSION = YES;
				CLANG_WARN_CONSTANT_CONVERSION = YES;
				CLANG_WARN_DIRECT_OBJC_ISA_USAGE = YES_ERROR;
				CLANG_WARN_DOCUMENTATION_COMMENTS = YES;
				CLANG_WARN_EMPTY_BODY = YES;
				CLANG_WARN_ENUM_CONVERSION = YES;
				CLANG_WARN_INFINITE_RECURSION = YES;
				CLANG_WARN_INT_CONVERSION = YES;
				CLANG_WARN_OBJC_ROOT_CLASS = YES_ERROR;
				CLANG_WARN_SUSPICIOUS_MOVE = YES;
				CLANG_WARN_UNREACHABLE_CODE = YES;
				CLANG_WARN__DUPLICATE_METHOD_MATCH = YES;
				"CODE_SIGN_IDENTITY[sdk=iphoneos*]" = "iPhone Developer";
				COPY_PHASE_STRIP = NO;
				DEBUG_INFORMATION_FORMAT = "dwarf-with-dsym";
				ENABLE_NS_ASSERTIONS = NO;
				ENABLE_STRICT_OBJC_MSGSEND = YES;
				GCC_C_LANGUAGE_STANDARD = gnu99;
				GCC_NO_COMMON_BLOCKS = YES;
				GCC_WARN_64_TO_32_BIT_CONVERSION = YES;
				GCC_WARN_ABOUT_RETURN_TYPE = YES_ERROR;
				GCC_WARN_UNDECLARED_SELECTOR = YES;
				GCC_WARN_UNINITIALIZED_AUTOS = YES_AGGRESSIVE;
				GCC_WARN_UNUSED_FUNCTION = YES;
				GCC_WARN_UNUSED_VARIABLE = YES;
				IPHONEOS_DEPLOYMENT_TARGET = 10.2;
				MTL_ENABLE_DEBUG_INFO = NO;
				SDKROOT = iphoneos;
				SWIFT_OPTIMIZATION_LEVEL = "-Owholemodule";
				TARGETED_DEVICE_FAMILY = "1,2";
				VALIDATE_PRODUCT = YES;
			};
			name = Release;
		};
		8852B1CA1E14B3450091F820 /* Debug */ = {
			isa = XCBuildConfiguration;
			buildSettings = {
				ASSETCATALOG_COMPILER_APPICON_NAME = AppIcon;
				INFOPLIST_FILE = WYModelExtension/Info.plist;
				LD_RUNPATH_SEARCH_PATHS = "$(inherited) @executable_path/Frameworks";
				PRODUCT_BUNDLE_IDENTIFIER = com.wangyu.WYModelExtension;
				PRODUCT_NAME = "$(TARGET_NAME)";
				SWIFT_VERSION = 3.0;
			};
			name = Debug;
		};
		8852B1CB1E14B3450091F820 /* Release */ = {
			isa = XCBuildConfiguration;
			buildSettings = {
				ASSETCATALOG_COMPILER_APPICON_NAME = AppIcon;
				INFOPLIST_FILE = WYModelExtension/Info.plist;
				LD_RUNPATH_SEARCH_PATHS = "$(inherited) @executable_path/Frameworks";
				PRODUCT_BUNDLE_IDENTIFIER = com.wangyu.WYModelExtension;
				PRODUCT_NAME = "$(TARGET_NAME)";
				SWIFT_VERSION = 3.0;
			};
			name = Release;
		};
		8852B1CD1E14B3450091F820 /* Debug */ = {
			isa = XCBuildConfiguration;
			buildSettings = {
				ALWAYS_EMBED_SWIFT_STANDARD_LIBRARIES = YES;
				BUNDLE_LOADER = "$(TEST_HOST)";
				INFOPLIST_FILE = WYModelExtensionTests/Info.plist;
				LD_RUNPATH_SEARCH_PATHS = "$(inherited) @executable_path/Frameworks @loader_path/Frameworks";
				PRODUCT_BUNDLE_IDENTIFIER = com.wangyu.WYModelExtensionTests;
				PRODUCT_NAME = "$(TARGET_NAME)";
				SWIFT_VERSION = 3.0;
				TEST_HOST = "$(BUILT_PRODUCTS_DIR)/WYModelExtension.app/WYModelExtension";
			};
			name = Debug;
		};
		8852B1CE1E14B3450091F820 /* Release */ = {
			isa = XCBuildConfiguration;
			buildSettings = {
				ALWAYS_EMBED_SWIFT_STANDARD_LIBRARIES = YES;
				BUNDLE_LOADER = "$(TEST_HOST)";
				INFOPLIST_FILE = WYModelExtensionTests/Info.plist;
				LD_RUNPATH_SEARCH_PATHS = "$(inherited) @executable_path/Frameworks @loader_path/Frameworks";
				PRODUCT_BUNDLE_IDENTIFIER = com.wangyu.WYModelExtensionTests;
				PRODUCT_NAME = "$(TARGET_NAME)";
				SWIFT_VERSION = 3.0;
				TEST_HOST = "$(BUILT_PRODUCTS_DIR)/WYModelExtension.app/WYModelExtension";
			};
			name = Release;
		};
		8852B1D01E14B3450091F820 /* Debug */ = {
			isa = XCBuildConfiguration;
			buildSettings = {
				ALWAYS_EMBED_SWIFT_STANDARD_LIBRARIES = YES;
				INFOPLIST_FILE = WYModelExtensionUITests/Info.plist;
				LD_RUNPATH_SEARCH_PATHS = "$(inherited) @executable_path/Frameworks @loader_path/Frameworks";
				PRODUCT_BUNDLE_IDENTIFIER = com.wangyu.WYModelExtensionUITests;
				PRODUCT_NAME = "$(TARGET_NAME)";
				SWIFT_VERSION = 3.0;
				TEST_TARGET_NAME = WYModelExtension;
			};
			name = Debug;
		};
		8852B1D11E14B3450091F820 /* Release */ = {
			isa = XCBuildConfiguration;
			buildSettings = {
				ALWAYS_EMBED_SWIFT_STANDARD_LIBRARIES = YES;
				INFOPLIST_FILE = WYModelExtensionUITests/Info.plist;
				LD_RUNPATH_SEARCH_PATHS = "$(inherited) @executable_path/Frameworks @loader_path/Frameworks";
				PRODUCT_BUNDLE_IDENTIFIER = com.wangyu.WYModelExtensionUITests;
				PRODUCT_NAME = "$(TARGET_NAME)";
				SWIFT_VERSION = 3.0;
				TEST_TARGET_NAME = WYModelExtension;
			};
			name = Release;
		};
/* End XCBuildConfiguration section */

/* Begin XCConfigurationList section */
		8852B19C1E14B3440091F820 /* Build configuration list for PBXProject "WYModelExtension" */ = {
			isa = XCConfigurationList;
			buildConfigurations = (
				8852B1C71E14B3450091F820 /* Debug */,
				8852B1C81E14B3450091F820 /* Release */,
			);
			defaultConfigurationIsVisible = 0;
			defaultConfigurationName = Release;
		};
		8852B1C91E14B3450091F820 /* Build configuration list for PBXNativeTarget "WYModelExtension" */ = {
			isa = XCConfigurationList;
			buildConfigurations = (
				8852B1CA1E14B3450091F820 /* Debug */,
				8852B1CB1E14B3450091F820 /* Release */,
			);
			defaultConfigurationIsVisible = 0;
		};
		8852B1CC1E14B3450091F820 /* Build configuration list for PBXNativeTarget "WYModelExtensionTests" */ = {
			isa = XCConfigurationList;
			buildConfigurations = (
				8852B1CD1E14B3450091F820 /* Debug */,
				8852B1CE1E14B3450091F820 /* Release */,
			);
			defaultConfigurationIsVisible = 0;
		};
		8852B1CF1E14B3450091F820 /* Build configuration list for PBXNativeTarget "WYModelExtensionUITests" */ = {
			isa = XCConfigurationList;
			buildConfigurations = (
				8852B1D01E14B3450091F820 /* Debug */,
				8852B1D11E14B3450091F820 /* Release */,
			);
			defaultConfigurationIsVisible = 0;
		};
/* End XCConfigurationList section */
	};
	rootObject = 8852B1991E14B3440091F820 /* Project object */;
}
